
Microsoft Visual Studio Solution File, Format Version 12.00
# Visual Studio 2013
VisualStudioVersion = 12.0.40629.0
MinimumVisualStudioVersion = 10.0.40219.1
Project("{8BC9CEB8-8B4A-11D0-8D11-00A0C91BC942}") = "Don't_push", "Don't_push\Don't_push.vcxproj", "{0AAC0B39-62EF-40A7-AED9-300DA0922B73}"
EndProject
Global
	GlobalSection(SolutionConfigurationPlatforms) = preSolution
		2013CTP_Debug|x64 = 2013CTP_Debug|x64
		2013CTP_Debug|x86 = 2013CTP_Debug|x86
		2013CTP_Release|x64 = 2013CTP_Release|x64
		2013CTP_Release|x86 = 2013CTP_Release|x86
		clang_Debug|x64 = clang_Debug|x64
		clang_Debug|x86 = clang_Debug|x86
		clang_Release|x64 = clang_Release|x64
		clang_Release|x86 = clang_Release|x86
		Debug|x64 = Debug|x64
		Debug|x86 = Debug|x86
		Release|x64 = Release|x64
		Release|x86 = Release|x86
		VS2015Debug|x64 = VS2015Debug|x64
		VS2015Debug|x86 = VS2015Debug|x86
		VS2015Release|x64 = VS2015Release|x64
		VS2015Release|x86 = VS2015Release|x86
	EndGlobalSection
	GlobalSection(ProjectConfigurationPlatforms) = postSolution
		{0AAC0B39-62EF-40A7-AED9-300DA0922B73}.2013CTP_Debug|x64.ActiveCfg = 2013CTP_Debug|Win32
		{0AAC0B39-62EF-40A7-AED9-300DA0922B73}.2013CTP_Debug|x64.Build.0 = 2013CTP_Debug|x64
		{0AAC0B39-62EF-40A7-AED9-300DA0922B73}.2013CTP_Debug|x86.ActiveCfg = 2013CTP_Debug|Win32
		{0AAC0B39-62EF-40A7-AED9-300DA0922B73}.2013CTP_Debug|x86.Build.0 = 2013CTP_Debug|Win32
		{0AAC0B39-62EF-40A7-AED9-300DA0922B73}.2013CTP_Release|x64.ActiveCfg = 2013CTP_Release|Win32
		{0AAC0B39-62EF-40A7-AED9-300DA0922B73}.2013CTP_Release|x64.Build.0 = 2013CTP_Release|x64
		{0AAC0B39-62EF-40A7-AED9-300DA0922B73}.2013CTP_Release|x86.ActiveCfg = 2013CTP_Release|Win32
		{0AAC0B39-62EF-40A7-AED9-300DA0922B73}.2013CTP_Release|x86.Build.0 = 2013CTP_Release|Win32
		{0AAC0B39-62EF-40A7-AED9-300DA0922B73}.clang_Debug|x64.ActiveCfg = clang_Debug|x64
		{0AAC0B39-62EF-40A7-AED9-300DA0922B73}.clang_Debug|x64.Build.0 = clang_Debug|x64
		{0AAC0B39-62EF-40A7-AED9-300DA0922B73}.clang_Debug|x86.ActiveCfg = clang_Debug|Win32
		{0AAC0B39-62EF-40A7-AED9-300DA0922B73}.clang_Debug|x86.Build.0 = clang_Debug|Win32
		{0AAC0B39-62EF-40A7-AED9-300DA0922B73}.clang_Release|x64.ActiveCfg = clang_Release|x64
		{0AAC0B39-62EF-40A7-AED9-300DA0922B73}.clang_Release|x64.Build.0 = clang_Release|x64
		{0AAC0B39-62EF-40A7-AED9-300DA0922B73}.clang_Release|x86.ActiveCfg = clang_Release|Win32
		{0AAC0B39-62EF-40A7-AED9-300DA0922B73}.clang_Release|x86.Build.0 = clang_Release|Win32
		{0AAC0B39-62EF-40A7-AED9-300DA0922B73}.Debug|x64.ActiveCfg = Debug|x64
		{0AAC0B39-62EF-40A7-AED9-300DA0922B73}.Debug|x64.Build.0 = Debug|x64
		{0AAC0B39-62EF-40A7-AED9-300DA0922B73}.Debug|x86.ActiveCfg = Debug|Win32
		{0AAC0B39-62EF-40A7-AED9-300DA0922B73}.Debug|x86.Build.0 = Debug|Win32
		{0AAC0B39-62EF-40A7-AED9-300DA0922B73}.Release|x64.ActiveCfg = Release|x64
		{0AAC0B39-62EF-40A7-AED9-300DA0922B73}.Release|x64.Build.0 = Release|x64
		{0AAC0B39-62EF-40A7-AED9-300DA0922B73}.Release|x86.ActiveCfg = Release|Win32
		{0AAC0B39-62EF-40A7-AED9-300DA0922B73}.Release|x86.Build.0 = Release|Win32
		{0AAC0B39-62EF-40A7-AED9-300DA0922B73}.VS2015Debug|x64.ActiveCfg = VS2015Debug|x64
		{0AAC0B39-62EF-40A7-AED9-300DA0922B73}.VS2015Debug|x64.Build.0 = VS2015Debug|x64
		{0AAC0B39-62EF-40A7-AED9-300DA0922B73}.VS2015Debug|x86.ActiveCfg = VS2015Debug|Win32
		{0AAC0B39-62EF-40A7-AED9-300DA0922B73}.VS2015Debug|x86.Build.0 = VS2015Debug|Win32
		{0AAC0B39-62EF-40A7-AED9-300DA0922B73}.VS2015Release|x64.ActiveCfg = VS2015Release|x64
		{0AAC0B39-62EF-40A7-AED9-300DA0922B73}.VS2015Release|x64.Build.0 = VS2015Release|x64
		{0AAC0B39-62EF-40A7-AED9-300DA0922B73}.VS2015Release|x86.ActiveCfg = VS2015Release|Win32
		{0AAC0B39-62EF-40A7-AED9-300DA0922B73}.VS2015Release|x86.Build.0 = VS2015Release|Win32
	EndGlobalSection
	GlobalSection(SolutionProperties) = preSolution
		HideSolutionNode = FALSE
	EndGlobalSection
EndGlobal
